<Solution>
    <Folder Name="/Solution Items/">
        <File Path=".github\workflows\build-and-push.yml"/>
        <File Path="compose.yml"/>
        <File Path="compose.dev.yml"/>
        <File Path="compose.local.yml"/>
    </Folder>
    <Project Path="BlazorXivComponents.Dev.Client/BlazorXivComponents.Dev.Client.csproj"/>
    <Project Path="BlazorXivComponents.Dev/BlazorXivComponents.Dev.csproj"/>
    <Project Path="BlazorXivComponents/BlazorXivComponents.csproj"/>
</Solution>
